
Microsoft Visual Studio Solution File, Format Version 12.00
# Visual Studio Version 16
VisualStudioVersion = 16.0.31424.327
MinimumVisualStudioVersion = 10.0.40219.1
Project("{FAE04EC0-301F-11D3-BF4B-00C04F79EFBC}") = "ExeProxy", "ExeProxy.csproj", "{291C4191-AFCC-4FB2-8EAB-E3683675FAB1}"
EndProject
Global
	GlobalSection(SolutionConfigurationPlatforms) = preSolution
		Debug|Any CPU = Debug|Any CPU
		Release|Any CPU = Release|Any CPU
	EndGlobalSection
	GlobalSection(ProjectConfigurationPlatforms) = postSolution
		{291C4191-AFCC-4FB2-8EAB-E3683675FAB1}.Debug|Any CPU.ActiveCfg = Debug|Any CPU
		{291C4191-AFCC-4FB2-8EAB-E3683675FAB1}.Debug|Any CPU.Build.0 = Debug|Any CPU
		{291C4191-AFCC-4FB2-8EAB-E3683675FAB1}.Release|Any CPU.ActiveCfg = Release|Any CPU
		{291C4191-AFCC-4FB2-8EAB-E3683675FAB1}.Release|Any CPU.Build.0 = Release|Any CPU
	EndGlobalSection
	GlobalSection(SolutionProperties) = preSolution
		HideSolutionNode = FALSE
	EndGlobalSection
	GlobalSection(ExtensibilityGlobals) = postSolution
		SolutionGuid = {9E9691A6-C136-4C66-B3CC-001E15BD1728}
	EndGlobalSection
EndGlobal
